
Microsoft Visual Studio Solution File, Format Version 12.00
# Visual Studio Express 2012 for Web
Project("{FAE04EC0-301F-11D3-BF4B-00C04F79EFBC}") = "RequestDump", "RequestDump\RequestDump.csproj", "{02A8201B-4D38-48E8-897F-63025CFF35BE}"
EndProject
Global
	GlobalSection(SolutionConfigurationPlatforms) = preSolution
		Debug|Any CPU = Debug|Any CPU
		Release|Any CPU = Release|Any CPU
	EndGlobalSection
	GlobalSection(ProjectConfigurationPlatforms) = postSolution
		{02A8201B-4D38-48E8-897F-63025CFF35BE}.Debug|Any CPU.ActiveCfg = Debug|Any CPU
		{02A8201B-4D38-48E8-897F-63025CFF35BE}.Debug|Any CPU.Build.0 = Debug|Any CPU
		{02A8201B-4D38-48E8-897F-63025CFF35BE}.Release|Any CPU.ActiveCfg = Release|Any CPU
		{02A8201B-4D38-48E8-897F-63025CFF35BE}.Release|Any CPU.Build.0 = Release|Any CPU
	EndGlobalSection
	GlobalSection(SolutionProperties) = preSolution
		HideSolutionNode = FALSE
	EndGlobalSection
EndGlobal
